
Microsoft Visual Studio Solution File, Format Version 12.00
# Visual Studio 15
VisualStudioVersion = 15.0.26430.6
MinimumVisualStudioVersion = 10.0.40219.1
Project("{FAE04EC0-301F-11D3-BF4B-00C04F79EFBC}") = "SportsStore.WebUI", "SportsStore.WebUI\SportsStore.WebUI.csproj", "{6F2386FE-8B7D-4B36-B1AA-99D08061695E}"
EndProject
Project("{FAE04EC0-301F-11D3-BF4B-00C04F79EFBC}") = "SportsStore.UnitTests", "SportsStore.UnitTests\SportsStore.UnitTests.csproj", "{96AA3616-33E1-494C-8B1D-E13EE882CC44}"
EndProject
Project("{FAE04EC0-301F-11D3-BF4B-00C04F79EFBC}") = "SportsStore.Domain", "SportsStore.Domain\SportsStore.Domain.csproj", "{473F33BE-5DB8-4639-846B-4E501F75350B}"
EndProject
Global
	GlobalSection(SolutionConfigurationPlatforms) = preSolution
		Debug|Any CPU = Debug|Any CPU
		Release|Any CPU = Release|Any CPU
	EndGlobalSection
	GlobalSection(ProjectConfigurationPlatforms) = postSolution
		{6F2386FE-8B7D-4B36-B1AA-99D08061695E}.Debug|Any CPU.ActiveCfg = Debug|Any CPU
		{6F2386FE-8B7D-4B36-B1AA-99D08061695E}.Debug|Any CPU.Build.0 = Debug|Any CPU
		{6F2386FE-8B7D-4B36-B1AA-99D08061695E}.Release|Any CPU.ActiveCfg = Release|Any CPU
		{6F2386FE-8B7D-4B36-B1AA-99D08061695E}.Release|Any CPU.Build.0 = Release|Any CPU
		{96AA3616-33E1-494C-8B1D-E13EE882CC44}.Debug|Any CPU.ActiveCfg = Debug|Any CPU
		{96AA3616-33E1-494C-8B1D-E13EE882CC44}.Debug|Any CPU.Build.0 = Debug|Any CPU
		{96AA3616-33E1-494C-8B1D-E13EE882CC44}.Release|Any CPU.ActiveCfg = Release|Any CPU
		{96AA3616-33E1-494C-8B1D-E13EE882CC44}.Release|Any CPU.Build.0 = Release|Any CPU
		{473F33BE-5DB8-4639-846B-4E501F75350B}.Debug|Any CPU.ActiveCfg = Debug|Any CPU
		{473F33BE-5DB8-4639-846B-4E501F75350B}.Debug|Any CPU.Build.0 = Debug|Any CPU
		{473F33BE-5DB8-4639-846B-4E501F75350B}.Release|Any CPU.ActiveCfg = Release|Any CPU
		{473F33BE-5DB8-4639-846B-4E501F75350B}.Release|Any CPU.Build.0 = Release|Any CPU
	EndGlobalSection
	GlobalSection(SolutionProperties) = preSolution
		HideSolutionNode = FALSE
	EndGlobalSection
EndGlobal
